
Microsoft Visual Studio Solution File, Format Version 12.00
# Visual Studio Version 17
VisualStudioVersion = 17.0.31903.59
MinimumVisualStudioVersion = 10.0.40219.1
Project("{2150E333-8FDC-42A3-9474-1A3956D46DE8}") = "Monolith", "Monolith", "{4788619D-1A58-4112-8E30-FFA7C25DD84E}"
EndProject
Project("{FAE04EC0-301F-11D3-BF4B-00C04F79EFBC}") = "API", "Monolith\API\API.csproj", "{25368402-F000-4B81-A48F-F430E3D32015}"
EndProject
Project("{FAE04EC0-301F-11D3-BF4B-00C04F79EFBC}") = "API.AppHost", "Monolith\API.AppHost\API.AppHost.csproj", "{DEC62A18-A72F-488D-98B6-9295AA5A5A4A}"
EndProject
Project("{FAE04EC0-301F-11D3-BF4B-00C04F79EFBC}") = "API.ServiceDefaults", "Monolith\API.ServiceDefaults\API.ServiceDefaults.csproj", "{000A9CEF-E3DC-4010-ABFC-9B0D01F704C5}"
EndProject
Global
	GlobalSection(SolutionConfigurationPlatforms) = preSolution
		Debug|Any CPU = Debug|Any CPU
		Debug|x64 = Debug|x64
		Debug|x86 = Debug|x86
		Release|Any CPU = Release|Any CPU
		Release|x64 = Release|x64
		Release|x86 = Release|x86
	EndGlobalSection
	GlobalSection(ProjectConfigurationPlatforms) = postSolution
		{25368402-F000-4B81-A48F-F430E3D32015}.Debug|Any CPU.ActiveCfg = Debug|Any CPU
		{25368402-F000-4B81-A48F-F430E3D32015}.Debug|Any CPU.Build.0 = Debug|Any CPU
		{25368402-F000-4B81-A48F-F430E3D32015}.Debug|x64.ActiveCfg = Debug|Any CPU
		{25368402-F000-4B81-A48F-F430E3D32015}.Debug|x64.Build.0 = Debug|Any CPU
		{25368402-F000-4B81-A48F-F430E3D32015}.Debug|x86.ActiveCfg = Debug|Any CPU
		{25368402-F000-4B81-A48F-F430E3D32015}.Debug|x86.Build.0 = Debug|Any CPU
		{25368402-F000-4B81-A48F-F430E3D32015}.Release|Any CPU.ActiveCfg = Release|Any CPU
		{25368402-F000-4B81-A48F-F430E3D32015}.Release|Any CPU.Build.0 = Release|Any CPU
		{25368402-F000-4B81-A48F-F430E3D32015}.Release|x64.ActiveCfg = Release|Any CPU
		{25368402-F000-4B81-A48F-F430E3D32015}.Release|x64.Build.0 = Release|Any CPU
		{25368402-F000-4B81-A48F-F430E3D32015}.Release|x86.ActiveCfg = Release|Any CPU
		{25368402-F000-4B81-A48F-F430E3D32015}.Release|x86.Build.0 = Release|Any CPU
		{DEC62A18-A72F-488D-98B6-9295AA5A5A4A}.Debug|Any CPU.ActiveCfg = Debug|Any CPU
		{DEC62A18-A72F-488D-98B6-9295AA5A5A4A}.Debug|Any CPU.Build.0 = Debug|Any CPU
		{DEC62A18-A72F-488D-98B6-9295AA5A5A4A}.Debug|x64.ActiveCfg = Debug|Any CPU
		{DEC62A18-A72F-488D-98B6-9295AA5A5A4A}.Debug|x64.Build.0 = Debug|Any CPU
		{DEC62A18-A72F-488D-98B6-9295AA5A5A4A}.Debug|x86.ActiveCfg = Debug|Any CPU
		{DEC62A18-A72F-488D-98B6-9295AA5A5A4A}.Debug|x86.Build.0 = Debug|Any CPU
		{DEC62A18-A72F-488D-98B6-9295AA5A5A4A}.Release|Any CPU.ActiveCfg = Release|Any CPU
		{DEC62A18-A72F-488D-98B6-9295AA5A5A4A}.Release|Any CPU.Build.0 = Release|Any CPU
		{DEC62A18-A72F-488D-98B6-9295AA5A5A4A}.Release|x64.ActiveCfg = Release|Any CPU
		{DEC62A18-A72F-488D-98B6-9295AA5A5A4A}.Release|x64.Build.0 = Release|Any CPU
		{DEC62A18-A72F-488D-98B6-9295AA5A5A4A}.Release|x86.ActiveCfg = Release|Any CPU
		{DEC62A18-A72F-488D-98B6-9295AA5A5A4A}.Release|x86.Build.0 = Release|Any CPU
		{000A9CEF-E3DC-4010-ABFC-9B0D01F704C5}.Debug|Any CPU.ActiveCfg = Debug|Any CPU
		{000A9CEF-E3DC-4010-ABFC-9B0D01F704C5}.Debug|Any CPU.Build.0 = Debug|Any CPU
		{000A9CEF-E3DC-4010-ABFC-9B0D01F704C5}.Debug|x64.ActiveCfg = Debug|Any CPU
		{000A9CEF-E3DC-4010-ABFC-9B0D01F704C5}.Debug|x64.Build.0 = Debug|Any CPU
		{000A9CEF-E3DC-4010-ABFC-9B0D01F704C5}.Debug|x86.ActiveCfg = Debug|Any CPU
		{000A9CEF-E3DC-4010-ABFC-9B0D01F704C5}.Debug|x86.Build.0 = Debug|Any CPU
		{000A9CEF-E3DC-4010-ABFC-9B0D01F704C5}.Release|Any CPU.ActiveCfg = Release|Any CPU
		{000A9CEF-E3DC-4010-ABFC-9B0D01F704C5}.Release|Any CPU.Build.0 = Release|Any CPU
		{000A9CEF-E3DC-4010-ABFC-9B0D01F704C5}.Release|x64.ActiveCfg = Release|Any CPU
		{000A9CEF-E3DC-4010-ABFC-9B0D01F704C5}.Release|x64.Build.0 = Release|Any CPU
		{000A9CEF-E3DC-4010-ABFC-9B0D01F704C5}.Release|x86.ActiveCfg = Release|Any CPU
		{000A9CEF-E3DC-4010-ABFC-9B0D01F704C5}.Release|x86.Build.0 = Release|Any CPU
	EndGlobalSection
	GlobalSection(SolutionProperties) = preSolution
		HideSolutionNode = FALSE
	EndGlobalSection
	GlobalSection(NestedProjects) = preSolution
		{25368402-F000-4B81-A48F-F430E3D32015} = {4788619D-1A58-4112-8E30-FFA7C25DD84E}
		{DEC62A18-A72F-488D-98B6-9295AA5A5A4A} = {4788619D-1A58-4112-8E30-FFA7C25DD84E}
		{000A9CEF-E3DC-4010-ABFC-9B0D01F704C5} = {4788619D-1A58-4112-8E30-FFA7C25DD84E}
	EndGlobalSection
EndGlobal
